{
  "pins" : [
    {
      "identity" : "swiftlayout",
      "kind" : "remoteSourceControl",
      "location" : "https://github.com/ioskrew/SwiftLayout.git",
      "state" : {
        "revision" : "95075da65c784fd9ad5ff1aa9775746765ae5d5a",
        "version" : "2.8.0"
      }
    },
    {
      "identity" : "swiftui-navigation-stack",
      "kind" : "remoteSourceControl",
      "location" : "https://github.com/matteopuc/swiftui-navigation-stack.git",
      "state" : {
        "revision" : "9e45f85008f5ad1fc0b3ee2d9e0ff1ca77f52efa",
        "version" : "1.0.6"
      }
    }
  ],
  "version" : 2
}
